// !$*UTF8*$!
{
	archiveVersion = 1;
	classes = {
	};
	objectVersion = 55;
	objects = {

/* Begin PBXBuildFile section */
		5A05265328B1E66000F03C4A /* LoginView.swift in Sources */ = {isa = PBXBuildFile; fileRef = 5A05265228B1E66000F03C4A /* LoginView.swift */; };
		5AC4EF9F28AE207B003745C1 /* Tests_iOS.swift in Sources */ = {isa = PBXBuildFile; fileRef = 5AC4EF9E28AE207B003745C1 /* Tests_iOS.swift */; };
		5AC4EFA128AE207B003745C1 /* Tests_iOSLaunchTests.swift in Sources */ = {isa = PBXBuildFile; fileRef = 5AC4EFA028AE207B003745C1 /* Tests_iOSLaunchTests.swift */; };
		5AC4EFAB28AE207B003745C1 /* Tests_macOS.swift in Sources */ = {isa = PBXBuildFile; fileRef = 5AC4EFAA28AE207B003745C1 /* Tests_macOS.swift */; };
		5AC4EFAD28AE207B003745C1 /* Tests_macOSLaunchTests.swift in Sources */ = {isa = PBXBuildFile; fileRef = 5AC4EFAC28AE207B003745C1 /* Tests_macOSLaunchTests.swift */; };
		5AC4EFAE28AE207B003745C1 /* hometown_iosApp.swift in Sources */ = {isa = PBXBuildFile; fileRef = 5AC4EF8628AE2076003745C1 /* hometown_iosApp.swift */; };
		5AC4EFAF28AE207B003745C1 /* hometown_iosApp.swift in Sources */ = {isa = PBXBuildFile; fileRef = 5AC4EF8628AE2076003745C1 /* hometown_iosApp.swift */; };
		5AC4EFB028AE207B003745C1 /* Main.swift in Sources */ = {isa = PBXBuildFile; fileRef = 5AC4EF8728AE2076003745C1 /* Main.swift */; };
		5AC4EFB128AE207B003745C1 /* Main.swift in Sources */ = {isa = PBXBuildFile; fileRef = 5AC4EF8728AE2076003745C1 /* Main.swift */; };
		5AC4EFB228AE207B003745C1 /* Assets.xcassets in Resources */ = {isa = PBXBuildFile; fileRef = 5AC4EF8828AE207B003745C1 /* Assets.xcassets */; };
		5AC4EFB328AE207B003745C1 /* Assets.xcassets in Resources */ = {isa = PBXBuildFile; fileRef = 5AC4EF8828AE207B003745C1 /* Assets.xcassets */; };
		5AD0163928BEE44C00549816 /* FindIdAndPasswordView.swift in Sources */ = {isa = PBXBuildFile; fileRef = 5AD0163828BEE44C00549816 /* FindIdAndPasswordView.swift */; };
		ACC5453F28C3127100B687DF /* FeedView.swift in Sources */ = {isa = PBXBuildFile; fileRef = ACC5453E28C3127100B687DF /* FeedView.swift */; };
		ACC8F15128BB3DED0038E397 /* Utils.swift in Sources */ = {isa = PBXBuildFile; fileRef = ACC8F15028BB3DED0038E397 /* Utils.swift */; };
		ACC8F15328BB3DFA0038E397 /* Constants.swift in Sources */ = {isa = PBXBuildFile; fileRef = ACC8F15228BB3DFA0038E397 /* Constants.swift */; };
		ACC8F15828BB3EA20038E397 /* ViewModel.swift in Sources */ = {isa = PBXBuildFile; fileRef = ACC8F15728BB3EA20038E397 /* ViewModel.swift */; };
		ACC8F15A28BB3F970038E397 /* Model.swift in Sources */ = {isa = PBXBuildFile; fileRef = ACC8F15928BB3F970038E397 /* Model.swift */; };
		ACC8F15C28BB3FD00038E397 /* Component.swift in Sources */ = {isa = PBXBuildFile; fileRef = ACC8F15B28BB3FD00038E397 /* Component.swift */; };
		ACC8F15F28BB423E0038E397 /* Repository.swift in Sources */ = {isa = PBXBuildFile; fileRef = ACC8F15E28BB423E0038E397 /* Repository.swift */; };
		ACC8F16128BB42470038E397 /* Repositor.swift in Sources */ = {isa = PBXBuildFile; fileRef = ACC8F16028BB42470038E397 /* Repositor.swift */; };
		ACC8F16328BB42AD0038E397 /* RegisterView.swift in Sources */ = {isa = PBXBuildFile; fileRef = ACC8F16228BB42AD0038E397 /* RegisterView.swift */; };
/* End PBXBuildFile section */

/* Begin PBXContainerItemProxy section */
		5AC4EF9B28AE207B003745C1 /* PBXContainerItemProxy */ = {
			isa = PBXContainerItemProxy;
			containerPortal = 5AC4EF8128AE2076003745C1 /* Project object */;
			proxyType = 1;
			remoteGlobalIDString = 5AC4EF8C28AE207B003745C1;
			remoteInfo = "hometown_ios (iOS)";
		};
		5AC4EFA728AE207B003745C1 /* PBXContainerItemProxy */ = {
			isa = PBXContainerItemProxy;
			containerPortal = 5AC4EF8128AE2076003745C1 /* Project object */;
			proxyType = 1;
			remoteGlobalIDString = 5AC4EF9228AE207B003745C1;
			remoteInfo = "hometown_ios (macOS)";
		};
/* End PBXContainerItemProxy section */

/* Begin PBXFileReference section */
		5A05265228B1E66000F03C4A /* LoginView.swift */ = {isa = PBXFileReference; lastKnownFileType = sourcecode.swift; path = LoginView.swift; sourceTree = "<group>"; };
		5AC4EF8628AE2076003745C1 /* hometown_iosApp.swift */ = {isa = PBXFileReference; lastKnownFileType = sourcecode.swift; path = hometown_iosApp.swift; sourceTree = "<group>"; };
		5AC4EF8728AE2076003745C1 /* Main.swift */ = {isa = PBXFileReference; lastKnownFileType = sourcecode.swift; path = Main.swift; sourceTree = "<group>"; };
		5AC4EF8828AE207B003745C1 /* Assets.xcassets */ = {isa = PBXFileReference; lastKnownFileType = folder.assetcatalog; path = Assets.xcassets; sourceTree = "<group>"; };
		5AC4EF8D28AE207B003745C1 /* hometown_ios.app */ = {isa = PBXFileReference; explicitFileType = wrapper.application; includeInIndex = 0; path = hometown_ios.app; sourceTree = BUILT_PRODUCTS_DIR; };
		5AC4EF9328AE207B003745C1 /* hometown_ios.app */ = {isa = PBXFileReference; explicitFileType = wrapper.application; includeInIndex = 0; path = hometown_ios.app; sourceTree = BUILT_PRODUCTS_DIR; };
		5AC4EF9528AE207B003745C1 /* macOS.entitlements */ = {isa = PBXFileReference; lastKnownFileType = text.plist.entitlements; path = macOS.entitlements; sourceTree = "<group>"; };
		5AC4EF9A28AE207B003745C1 /* Tests iOS.xctest */ = {isa = PBXFileReference; explicitFileType = wrapper.cfbundle; includeInIndex = 0; path = "Tests iOS.xctest"; sourceTree = BUILT_PRODUCTS_DIR; };
		5AC4EF9E28AE207B003745C1 /* Tests_iOS.swift */ = {isa = PBXFileReference; lastKnownFileType = sourcecode.swift; path = Tests_iOS.swift; sourceTree = "<group>"; };
		5AC4EFA028AE207B003745C1 /* Tests_iOSLaunchTests.swift */ = {isa = PBXFileReference; lastKnownFileType = sourcecode.swift; path = Tests_iOSLaunchTests.swift; sourceTree = "<group>"; };
		5AC4EFA628AE207B003745C1 /* Tests macOS.xctest */ = {isa = PBXFileReference; explicitFileType = wrapper.cfbundle; includeInIndex = 0; path = "Tests macOS.xctest"; sourceTree = BUILT_PRODUCTS_DIR; };
		5AC4EFAA28AE207B003745C1 /* Tests_macOS.swift */ = {isa = PBXFileReference; lastKnownFileType = sourcecode.swift; path = Tests_macOS.swift; sourceTree = "<group>"; };
		5AC4EFAC28AE207B003745C1 /* Tests_macOSLaunchTests.swift */ = {isa = PBXFileReference; lastKnownFileType = sourcecode.swift; path = Tests_macOSLaunchTests.swift; sourceTree = "<group>"; };
		5AD0163828BEE44C00549816 /* FindIdAndPasswordView.swift */ = {isa = PBXFileReference; lastKnownFileType = sourcecode.swift; path = FindIdAndPasswordView.swift; sourceTree = "<group>"; };
		ACC5453E28C3127100B687DF /* FeedView.swift */ = {isa = PBXFileReference; lastKnownFileType = sourcecode.swift; path = FeedView.swift; sourceTree = "<group>"; };
		ACC8F15028BB3DED0038E397 /* Utils.swift */ = {isa = PBXFileReference; lastKnownFileType = sourcecode.swift; path = Utils.swift; sourceTree = "<group>"; };
		ACC8F15228BB3DFA0038E397 /* Constants.swift */ = {isa = PBXFileReference; lastKnownFileType = sourcecode.swift; path = Constants.swift; sourceTree = "<group>"; };
		ACC8F15728BB3EA20038E397 /* ViewModel.swift */ = {isa = PBXFileReference; lastKnownFileType = sourcecode.swift; path = ViewModel.swift; sourceTree = "<group>"; };
		ACC8F15928BB3F970038E397 /* Model.swift */ = {isa = PBXFileReference; lastKnownFileType = sourcecode.swift; path = Model.swift; sourceTree = "<group>"; };
		ACC8F15B28BB3FD00038E397 /* Component.swift */ = {isa = PBXFileReference; lastKnownFileType = sourcecode.swift; path = Component.swift; sourceTree = "<group>"; };
		ACC8F15E28BB423E0038E397 /* Repository.swift */ = {isa = PBXFileReference; lastKnownFileType = sourcecode.swift; path = Repository.swift; sourceTree = "<group>"; };
		ACC8F16028BB42470038E397 /* Repositor.swift */ = {isa = PBXFileReference; lastKnownFileType = sourcecode.swift; path = Repositor.swift; sourceTree = "<group>"; };
		ACC8F16228BB42AD0038E397 /* RegisterView.swift */ = {isa = PBXFileReference; lastKnownFileType = sourcecode.swift; path = RegisterView.swift; sourceTree = "<group>"; };
/* End PBXFileReference section */

/* Begin PBXFrameworksBuildPhase section */
		5AC4EF8A28AE207B003745C1 /* Frameworks */ = {
			isa = PBXFrameworksBuildPhase;
			buildActionMask = 2147483647;
			files = (
			);
			runOnlyForDeploymentPostprocessing = 0;
		};
		5AC4EF9028AE207B003745C1 /* Frameworks */ = {
			isa = PBXFrameworksBuildPhase;
			buildActionMask = 2147483647;
			files = (
			);
			runOnlyForDeploymentPostprocessing = 0;
		};
		5AC4EF9728AE207B003745C1 /* Frameworks */ = {
			isa = PBXFrameworksBuildPhase;
			buildActionMask = 2147483647;
			files = (
			);
			runOnlyForDeploymentPostprocessing = 0;
		};
		5AC4EFA328AE207B003745C1 /* Frameworks */ = {
			isa = PBXFrameworksBuildPhase;
			buildActionMask = 2147483647;
			files = (
			);
			runOnlyForDeploymentPostprocessing = 0;
		};
/* End PBXFrameworksBuildPhase section */

/* Begin PBXGroup section */
		5AC4EF8028AE2076003745C1 = {
			isa = PBXGroup;
			children = (
				5AC4EF8528AE2076003745C1 /* Shared */,
				5AC4EF9428AE207B003745C1 /* macOS */,
				5AC4EF9D28AE207B003745C1 /* Tests iOS */,
				5AC4EFA928AE207B003745C1 /* Tests macOS */,
				5AC4EF8E28AE207B003745C1 /* Products */,
			);
			sourceTree = "<group>";
		};
		5AC4EF8528AE2076003745C1 /* Shared */ = {
			isa = PBXGroup;
			children = (
				ACC8F15628BB3E6E0038E397 /* Models */,
				ACC8F15528BB3E4A0038E397 /* ViewModels */,
				ACC8F15428BB3E010038E397 /* Common */,
				ACC8F14A28BB3C8B0038E397 /* View */,
				5AC4EF8628AE2076003745C1 /* hometown_iosApp.swift */,
				5AC4EF8728AE2076003745C1 /* Main.swift */,
				5AC4EF8828AE207B003745C1 /* Assets.xcassets */,
			);
			path = Shared;
			sourceTree = "<group>";
		};
		5AC4EF8E28AE207B003745C1 /* Products */ = {
			isa = PBXGroup;
			children = (
				5AC4EF8D28AE207B003745C1 /* hometown_ios.app */,
				5AC4EF9328AE207B003745C1 /* hometown_ios.app */,
				5AC4EF9A28AE207B003745C1 /* Tests iOS.xctest */,
				5AC4EFA628AE207B003745C1 /* Tests macOS.xctest */,
			);
			name = Products;
			sourceTree = "<group>";
		};
		5AC4EF9428AE207B003745C1 /* macOS */ = {
			isa = PBXGroup;
			children = (
				5AC4EF9528AE207B003745C1 /* macOS.entitlements */,
			);
			path = macOS;
			sourceTree = "<group>";
		};
		5AC4EF9D28AE207B003745C1 /* Tests iOS */ = {
			isa = PBXGroup;
			children = (
				5AC4EF9E28AE207B003745C1 /* Tests_iOS.swift */,
				5AC4EFA028AE207B003745C1 /* Tests_iOSLaunchTests.swift */,
			);
			path = "Tests iOS";
			sourceTree = "<group>";
		};
		5AC4EFA928AE207B003745C1 /* Tests macOS */ = {
			isa = PBXGroup;
			children = (
				5AC4EFAA28AE207B003745C1 /* Tests_macOS.swift */,
				5AC4EFAC28AE207B003745C1 /* Tests_macOSLaunchTests.swift */,
			);
			path = "Tests macOS";
			sourceTree = "<group>";
		};
		ACC8F14A28BB3C8B0038E397 /* View */ = {
			isa = PBXGroup;
			children = (
				ACC8F14D28BB3CA80038E397 /* Components */,
				5A05265228B1E66000F03C4A /* LoginView.swift */,
				ACC8F16228BB42AD0038E397 /* RegisterView.swift */,
				5AD0163828BEE44C00549816 /* FindIdAndPasswordView.swift */,
				ACC5453E28C3127100B687DF /* FeedView.swift */,
			);
			path = View;
			sourceTree = "<group>";
		};
		ACC8F14C28BB3C9F0038E397 /* Repositor */ = {
			isa = PBXGroup;
			children = (
				ACC8F16028BB42470038E397 /* Repositor.swift */,
			);
			path = Repositor;
			sourceTree = "<group>";
		};
		ACC8F14D28BB3CA80038E397 /* Components */ = {
			isa = PBXGroup;
			children = (
				ACC8F15B28BB3FD00038E397 /* Component.swift */,
			);
			path = Components;
			sourceTree = "<group>";
		};
		ACC8F15428BB3E010038E397 /* Common */ = {
			isa = PBXGroup;
			children = (
				ACC8F15028BB3DED0038E397 /* Utils.swift */,
				ACC8F15228BB3DFA0038E397 /* Constants.swift */,
			);
			path = Common;
			sourceTree = "<group>";
		};
		ACC8F15528BB3E4A0038E397 /* ViewModels */ = {
			isa = PBXGroup;
			children = (
				ACC8F15728BB3EA20038E397 /* ViewModel.swift */,
			);
			path = ViewModels;
			sourceTree = "<group>";
		};
		ACC8F15628BB3E6E0038E397 /* Models */ = {
			isa = PBXGroup;
			children = (
				ACC8F15D28BB421F0038E397 /* Repository */,
				ACC8F14C28BB3C9F0038E397 /* Repositor */,
				ACC8F15928BB3F970038E397 /* Model.swift */,
			);
			path = Models;
			sourceTree = "<group>";
		};
		ACC8F15D28BB421F0038E397 /* Repository */ = {
			isa = PBXGroup;
			children = (
				ACC8F15E28BB423E0038E397 /* Repository.swift */,
			);
			path = Repository;
			sourceTree = "<group>";
		};
/* End PBXGroup section */

/* Begin PBXNativeTarget section */
		5AC4EF8C28AE207B003745C1 /* hometown_ios (iOS) */ = {
			isa = PBXNativeTarget;
			buildConfigurationList = 5AC4EFB628AE207B003745C1 /* Build configuration list for PBXNativeTarget "hometown_ios (iOS)" */;
			buildPhases = (
				5AC4EF8928AE207B003745C1 /* Sources */,
				5AC4EF8A28AE207B003745C1 /* Frameworks */,
				5AC4EF8B28AE207B003745C1 /* Resources */,
			);
			buildRules = (
			);
			dependencies = (
			);
			name = "hometown_ios (iOS)";
			productName = "hometown_ios (iOS)";
			productReference = 5AC4EF8D28AE207B003745C1 /* hometown_ios.app */;
			productType = "com.apple.product-type.application";
		};
		5AC4EF9228AE207B003745C1 /* hometown_ios (macOS) */ = {
			isa = PBXNativeTarget;
			buildConfigurationList = 5AC4EFB928AE207B003745C1 /* Build configuration list for PBXNativeTarget "hometown_ios (macOS)" */;
			buildPhases = (
				5AC4EF8F28AE207B003745C1 /* Sources */,
				5AC4EF9028AE207B003745C1 /* Frameworks */,
				5AC4EF9128AE207B003745C1 /* Resources */,
			);
			buildRules = (
			);
			dependencies = (
			);
			name = "hometown_ios (macOS)";
			productName = "hometown_ios (macOS)";
			productReference = 5AC4EF9328AE207B003745C1 /* hometown_ios.app */;
			productType = "com.apple.product-type.application";
		};
		5AC4EF9928AE207B003745C1 /* Tests iOS */ = {
			isa = PBXNativeTarget;
			buildConfigurationList = 5AC4EFBC28AE207B003745C1 /* Build configuration list for PBXNativeTarget "Tests iOS" */;
			buildPhases = (
				5AC4EF9628AE207B003745C1 /* Sources */,
				5AC4EF9728AE207B003745C1 /* Frameworks */,
				5AC4EF9828AE207B003745C1 /* Resources */,
			);
			buildRules = (
			);
			dependencies = (
				5AC4EF9C28AE207B003745C1 /* PBXTargetDependency */,
			);
			name = "Tests iOS";
			productName = "Tests iOS";
			productReference = 5AC4EF9A28AE207B003745C1 /* Tests iOS.xctest */;
			productType = "com.apple.product-type.bundle.ui-testing";
		};
		5AC4EFA528AE207B003745C1 /* Tests macOS */ = {
			isa = PBXNativeTarget;
			buildConfigurationList = 5AC4EFBF28AE207B003745C1 /* Build configuration list for PBXNativeTarget "Tests macOS" */;
			buildPhases = (
				5AC4EFA228AE207B003745C1 /* Sources */,
				5AC4EFA328AE207B003745C1 /* Frameworks */,
				5AC4EFA428AE207B003745C1 /* Resources */,
			);
			buildRules = (
			);
			dependencies = (
				5AC4EFA828AE207B003745C1 /* PBXTargetDependency */,
			);
			name = "Tests macOS";
			productName = "Tests macOS";
			productReference = 5AC4EFA628AE207B003745C1 /* Tests macOS.xctest */;
			productType = "com.apple.product-type.bundle.ui-testing";
		};
/* End PBXNativeTarget section */

/* Begin PBXProject section */
		5AC4EF8128AE2076003745C1 /* Project object */ = {
			isa = PBXProject;
			attributes = {
				BuildIndependentTargetsInParallel = 1;
				LastSwiftUpdateCheck = 1340;
				LastUpgradeCheck = 1340;
				TargetAttributes = {
					5AC4EF8C28AE207B003745C1 = {
						CreatedOnToolsVersion = 13.4.1;
					};
					5AC4EF9228AE207B003745C1 = {
						CreatedOnToolsVersion = 13.4.1;
					};
					5AC4EF9928AE207B003745C1 = {
						CreatedOnToolsVersion = 13.4.1;
						TestTargetID = 5AC4EF8C28AE207B003745C1;
					};
					5AC4EFA528AE207B003745C1 = {
						CreatedOnToolsVersion = 13.4.1;
						TestTargetID = 5AC4EF9228AE207B003745C1;
					};
				};
			};
			buildConfigurationList = 5AC4EF8428AE2076003745C1 /* Build configuration list for PBXProject "hometown_ios" */;
			compatibilityVersion = "Xcode 13.0";
			developmentRegion = en;
			hasScannedForEncodings = 0;
			knownRegions = (
				en,
				Base,
			);
			mainGroup = 5AC4EF8028AE2076003745C1;
			productRefGroup = 5AC4EF8E28AE207B003745C1 /* Products */;
			projectDirPath = "";
			projectRoot = "";
			targets = (
				5AC4EF8C28AE207B003745C1 /* hometown_ios (iOS) */,
				5AC4EF9228AE207B003745C1 /* hometown_ios (macOS) */,
				5AC4EF9928AE207B003745C1 /* Tests iOS */,
				5AC4EFA528AE207B003745C1 /* Tests macOS */,
			);
		};
/* End PBXProject section */

/* Begin PBXResourcesBuildPhase section */
		5AC4EF8B28AE207B003745C1 /* Resources */ = {
			isa = PBXResourcesBuildPhase;
			buildActionMask = 2147483647;
			files = (
				5AC4EFB228AE207B003745C1 /* Assets.xcassets in Resources */,
			);
			runOnlyForDeploymentPostprocessing = 0;
		};
		5AC4EF9128AE207B003745C1 /* Resources */ = {
			isa = PBXResourcesBuildPhase;
			buildActionMask = 2147483647;
			files = (
				5AC4EFB328AE207B003745C1 /* Assets.xcassets in Resources */,
			);
			runOnlyForDeploymentPostprocessing = 0;
		};
		5AC4EF9828AE207B003745C1 /* Resources */ = {
			isa = PBXResourcesBuildPhase;
			buildActionMask = 2147483647;
			files = (
			);
			runOnlyForDeploymentPostprocessing = 0;
		};
		5AC4EFA428AE207B003745C1 /* Resources */ = {
			isa = PBXResourcesBuildPhase;
			buildActionMask = 2147483647;
			files = (
			);
			runOnlyForDeploymentPostprocessing = 0;
		};
/* End PBXResourcesBuildPhase section */

/* Begin PBXSourcesBuildPhase section */
		5AC4EF8928AE207B003745C1 /* Sources */ = {
			isa = PBXSourcesBuildPhase;
			buildActionMask = 2147483647;
			files = (
				ACC8F16328BB42AD0038E397 /* RegisterView.swift in Sources */,
				5AD0163928BEE44C00549816 /* FindIdAndPasswordView.swift in Sources */,
				5AC4EFB028AE207B003745C1 /* Main.swift in Sources */,
				5A05265328B1E66000F03C4A /* LoginView.swift in Sources */,
				5AC4EFAE28AE207B003745C1 /* hometown_iosApp.swift in Sources */,
				ACC8F16128BB42470038E397 /* Repositor.swift in Sources */,
				ACC8F15328BB3DFA0038E397 /* Constants.swift in Sources */,
				ACC8F15828BB3EA20038E397 /* ViewModel.swift in Sources */,
				ACC8F15C28BB3FD00038E397 /* Component.swift in Sources */,
				ACC8F15A28BB3F970038E397 /* Model.swift in Sources */,
				ACC5453F28C3127100B687DF /* FeedView.swift in Sources */,
				ACC8F15128BB3DED0038E397 /* Utils.swift in Sources */,
				ACC8F15F28BB423E0038E397 /* Repository.swift in Sources */,
			);
			runOnlyForDeploymentPostprocessing = 0;
		};
		5AC4EF8F28AE207B003745C1 /* Sources */ = {
			isa = PBXSourcesBuildPhase;
			buildActionMask = 2147483647;
			files = (
				5AC4EFB128AE207B003745C1 /* Main.swift in Sources */,
				5AC4EFAF28AE207B003745C1 /* hometown_iosApp.swift in Sources */,
			);
			runOnlyForDeploymentPostprocessing = 0;
		};
		5AC4EF9628AE207B003745C1 /* Sources */ = {
			isa = PBXSourcesBuildPhase;
			buildActionMask = 2147483647;
			files = (
				5AC4EFA128AE207B003745C1 /* Tests_iOSLaunchTests.swift in Sources */,
				5AC4EF9F28AE207B003745C1 /* Tests_iOS.swift in Sources */,
			);
			runOnlyForDeploymentPostprocessing = 0;
		};
		5AC4EFA228AE207B003745C1 /* Sources */ = {
			isa = PBXSourcesBuildPhase;
			buildActionMask = 2147483647;
			files = (
				5AC4EFAD28AE207B003745C1 /* Tests_macOSLaunchTests.swift in Sources */,
				5AC4EFAB28AE207B003745C1 /* Tests_macOS.swift in Sources */,
			);
			runOnlyForDeploymentPostprocessing = 0;
		};
/* End PBXSourcesBuildPhase section */

/* Begin PBXTargetDependency section */
		5AC4EF9C28AE207B003745C1 /* PBXTargetDependency */ = {
			isa = PBXTargetDependency;
			target = 5AC4EF8C28AE207B003745C1 /* hometown_ios (iOS) */;
			targetProxy = 5AC4EF9B28AE207B003745C1 /* PBXContainerItemProxy */;
		};
		5AC4EFA828AE207B003745C1 /* PBXTargetDependency */ = {
			isa = PBXTargetDependency;
			target = 5AC4EF9228AE207B003745C1 /* hometown_ios (macOS) */;
			targetProxy = 5AC4EFA728AE207B003745C1 /* PBXContainerItemProxy */;
		};
/* End PBXTargetDependency section */

/* Begin XCBuildConfiguration section */
		5AC4EFB428AE207B003745C1 /* Debug */ = {
			isa = XCBuildConfiguration;
			buildSettings = {
				ALWAYS_SEARCH_USER_PATHS = NO;
				CLANG_ANALYZER_NONNULL = YES;
				CLANG_ANALYZER_NUMBER_OBJECT_CONVERSION = YES_AGGRESSIVE;
				CLANG_CXX_LANGUAGE_STANDARD = "gnu++17";
				CLANG_ENABLE_MODULES = YES;
				CLANG_ENABLE_OBJC_ARC = YES;
				CLANG_ENABLE_OBJC_WEAK = YES;
				CLANG_WARN_BLOCK_CAPTURE_AUTORELEASING = YES;
				CLANG_WARN_BOOL_CONVERSION = YES;
				CLANG_WARN_COMMA = YES;
				CLANG_WARN_CONSTANT_CONVERSION = YES;
				CLANG_WARN_DEPRECATED_OBJC_IMPLEMENTATIONS = YES;
				CLANG_WARN_DIRECT_OBJC_ISA_USAGE = YES_ERROR;
				CLANG_WARN_DOCUMENTATION_COMMENTS = YES;
				CLANG_WARN_EMPTY_BODY = YES;
				CLANG_WARN_ENUM_CONVERSION = YES;
				CLANG_WARN_INFINITE_RECURSION = YES;
				CLANG_WARN_INT_CONVERSION = YES;
				CLANG_WARN_NON_LITERAL_NULL_CONVERSION = YES;
				CLANG_WARN_OBJC_IMPLICIT_RETAIN_SELF = YES;
				CLANG_WARN_OBJC_LITERAL_CONVERSION = YES;
				CLANG_WARN_OBJC_ROOT_CLASS = YES_ERROR;
				CLANG_WARN_QUOTED_INCLUDE_IN_FRAMEWORK_HEADER = YES;
				CLANG_WARN_RANGE_LOOP_ANALYSIS = YES;
				CLANG_WARN_STRICT_PROTOTYPES = YES;
				CLANG_WARN_SUSPICIOUS_MOVE = YES;
				CLANG_WARN_UNGUARDED_AVAILABILITY = YES_AGGRESSIVE;
				CLANG_WARN_UNREACHABLE_CODE = YES;
				CLANG_WARN__DUPLICATE_METHOD_MATCH = YES;
				COPY_PHASE_STRIP = NO;
				DEBUG_INFORMATION_FORMAT = dwarf;
				ENABLE_STRICT_OBJC_MSGSEND = YES;
				ENABLE_TESTABILITY = YES;
				GCC_C_LANGUAGE_STANDARD = gnu11;
				GCC_DYNAMIC_NO_PIC = NO;
				GCC_NO_COMMON_BLOCKS = YES;
				GCC_OPTIMIZATION_LEVEL = 0;
				GCC_PREPROCESSOR_DEFINITIONS = (
					"DEBUG=1",
					"$(inherited)",
				);
				GCC_WARN_64_TO_32_BIT_CONVERSION = YES;
				GCC_WARN_ABOUT_RETURN_TYPE = YES_ERROR;
				GCC_WARN_UNDECLARED_SELECTOR = YES;
				GCC_WARN_UNINITIALIZED_AUTOS = YES_AGGRESSIVE;
				GCC_WARN_UNUSED_FUNCTION = YES;
				GCC_WARN_UNUSED_VARIABLE = YES;
				MTL_ENABLE_DEBUG_INFO = INCLUDE_SOURCE;
				MTL_FAST_MATH = YES;
				ONLY_ACTIVE_ARCH = YES;
				SWIFT_ACTIVE_COMPILATION_CONDITIONS = DEBUG;
				SWIFT_OPTIMIZATION_LEVEL = "-Onone";
			};
			name = Debug;
		};
		5AC4EFB528AE207B003745C1 /* Release */ = {
			isa = XCBuildConfiguration;
			buildSettings = {
				ALWAYS_SEARCH_USER_PATHS = NO;
				CLANG_ANALYZER_NONNULL = YES;
				CLANG_ANALYZER_NUMBER_OBJECT_CONVERSION = YES_AGGRESSIVE;
				CLANG_CXX_LANGUAGE_STANDARD = "gnu++17";
				CLANG_ENABLE_MODULES = YES;
				CLANG_ENABLE_OBJC_ARC = YES;
				CLANG_ENABLE_OBJC_WEAK = YES;
				CLANG_WARN_BLOCK_CAPTURE_AUTORELEASING = YES;
				CLANG_WARN_BOOL_CONVERSION = YES;
				CLANG_WARN_COMMA = YES;
				CLANG_WARN_CONSTANT_CONVERSION = YES;
				CLANG_WARN_DEPRECATED_OBJC_IMPLEMENTATIONS = YES;
				CLANG_WARN_DIRECT_OBJC_ISA_USAGE = YES_ERROR;
				CLANG_WARN_DOCUMENTATION_COMMENTS = YES;
				CLANG_WARN_EMPTY_BODY = YES;
				CLANG_WARN_ENUM_CONVERSION = YES;
				CLANG_WARN_INFINITE_RECURSION = YES;
				CLANG_WARN_INT_CONVERSION = YES;
				CLANG_WARN_NON_LITERAL_NULL_CONVERSION = YES;
				CLANG_WARN_OBJC_IMPLICIT_RETAIN_SELF = YES;
				CLANG_WARN_OBJC_LITERAL_CONVERSION = YES;
				CLANG_WARN_OBJC_ROOT_CLASS = YES_ERROR;
				CLANG_WARN_QUOTED_INCLUDE_IN_FRAMEWORK_HEADER = YES;
				CLANG_WARN_RANGE_LOOP_ANALYSIS = YES;
				CLANG_WARN_STRICT_PROTOTYPES = YES;
				CLANG_WARN_SUSPICIOUS_MOVE = YES;
				CLANG_WARN_UNGUARDED_AVAILABILITY = YES_AGGRESSIVE;
				CLANG_WARN_UNREACHABLE_CODE = YES;
				CLANG_WARN__DUPLICATE_METHOD_MATCH = YES;
				COPY_PHASE_STRIP = NO;
				DEBUG_INFORMATION_FORMAT = "dwarf-with-dsym";
				ENABLE_NS_ASSERTIONS = NO;
				ENABLE_STRICT_OBJC_MSGSEND = YES;
				GCC_C_LANGUAGE_STANDARD = gnu11;
				GCC_NO_COMMON_BLOCKS = YES;
				GCC_WARN_64_TO_32_BIT_CONVERSION = YES;
				GCC_WARN_ABOUT_RETURN_TYPE = YES_ERROR;
				GCC_WARN_UNDECLARED_SELECTOR = YES;
				GCC_WARN_UNINITIALIZED_AUTOS = YES_AGGRESSIVE;
				GCC_WARN_UNUSED_FUNCTION = YES;
				GCC_WARN_UNUSED_VARIABLE = YES;
				MTL_ENABLE_DEBUG_INFO = NO;
				MTL_FAST_MATH = YES;
				SWIFT_COMPILATION_MODE = wholemodule;
				SWIFT_OPTIMIZATION_LEVEL = "-O";
			};
			name = Release;
		};
		5AC4EFB728AE207B003745C1 /* Debug */ = {
			isa = XCBuildConfiguration;
			buildSettings = {
				ASSETCATALOG_COMPILER_APPICON_NAME = AppIcon;
				ASSETCATALOG_COMPILER_GLOBAL_ACCENT_COLOR_NAME = AccentColor;
				CODE_SIGN_STYLE = Automatic;
				CURRENT_PROJECT_VERSION = 1;
				DEVELOPMENT_TEAM = BPB224HL3X;
				ENABLE_PREVIEWS = YES;
				GENERATE_INFOPLIST_FILE = YES;
				INFOPLIST_KEY_UIApplicationSceneManifest_Generation = YES;
				INFOPLIST_KEY_UIApplicationSupportsIndirectInputEvents = YES;
				INFOPLIST_KEY_UILaunchScreen_Generation = YES;
				INFOPLIST_KEY_UISupportedInterfaceOrientations_iPad = "UIInterfaceOrientationPortrait UIInterfaceOrientationPortraitUpsideDown UIInterfaceOrientationLandscapeLeft UIInterfaceOrientationLandscapeRight";
				INFOPLIST_KEY_UISupportedInterfaceOrientations_iPhone = "UIInterfaceOrientationPortrait UIInterfaceOrientationLandscapeLeft UIInterfaceOrientationLandscapeRight";
				INFOPLIST_KEY_UIUserInterfaceStyle = Light;
				IPHONEOS_DEPLOYMENT_TARGET = 15.5;
				LD_RUNPATH_SEARCH_PATHS = (
					"$(inherited)",
					"@executable_path/Frameworks",
				);
				MARKETING_VERSION = 1.0;
				PRODUCT_BUNDLE_IDENTIFIER = "kr.hometown.hometown-ios";
				PRODUCT_NAME = hometown_ios;
				SDKROOT = iphoneos;
				SWIFT_EMIT_LOC_STRINGS = YES;
				SWIFT_VERSION = 5.0;
				TARGETED_DEVICE_FAMILY = "1,2";
			};
			name = Debug;
		};
		5AC4EFB828AE207B003745C1 /* Release */ = {
			isa = XCBuildConfiguration;
			buildSettings = {
				ASSETCATALOG_COMPILER_APPICON_NAME = AppIcon;
				ASSETCATALOG_COMPILER_GLOBAL_ACCENT_COLOR_NAME = AccentColor;
				CODE_SIGN_STYLE = Automatic;
				CURRENT_PROJECT_VERSION = 1;
				DEVELOPMENT_TEAM = BPB224HL3X;
				ENABLE_PREVIEWS = YES;
				GENERATE_INFOPLIST_FILE = YES;
				INFOPLIST_KEY_UIApplicationSceneManifest_Generation = YES;
				INFOPLIST_KEY_UIApplicationSupportsIndirectInputEvents = YES;
				INFOPLIST_KEY_UILaunchScreen_Generation = YES;
				INFOPLIST_KEY_UISupportedInterfaceOrientations_iPad = "UIInterfaceOrientationPortrait UIInterfaceOrientationPortraitUpsideDown UIInterfaceOrientationLandscapeLeft UIInterfaceOrientationLandscapeRight";
				INFOPLIST_KEY_UISupportedInterfaceOrientations_iPhone = "UIInterfaceOrientationPortrait UIInterfaceOrientationLandscapeLeft UIInterfaceOrientationLandscapeRight";
				INFOPLIST_KEY_UIUserInterfaceStyle = Light;
				IPHONEOS_DEPLOYMENT_TARGET = 15.5;
				LD_RUNPATH_SEARCH_PATHS = (
					"$(inherited)",
					"@executable_path/Frameworks",
				);
				MARKETING_VERSION = 1.0;
				PRODUCT_BUNDLE_IDENTIFIER = "kr.hometown.hometown-ios";
				PRODUCT_NAME = hometown_ios;
				SDKROOT = iphoneos;
				SWIFT_EMIT_LOC_STRINGS = YES;
				SWIFT_VERSION = 5.0;
				TARGETED_DEVICE_FAMILY = "1,2";
				VALIDATE_PRODUCT = YES;
			};
			name = Release;
		};
		5AC4EFBA28AE207B003745C1 /* Debug */ = {
			isa = XCBuildConfiguration;
			buildSettings = {
				ASSETCATALOG_COMPILER_APPICON_NAME = AppIcon;
				ASSETCATALOG_COMPILER_GLOBAL_ACCENT_COLOR_NAME = AccentColor;
				CODE_SIGN_ENTITLEMENTS = macOS/macOS.entitlements;
				CODE_SIGN_STYLE = Automatic;
				COMBINE_HIDPI_IMAGES = YES;
				CURRENT_PROJECT_VERSION = 1;
				ENABLE_PREVIEWS = YES;
				GENERATE_INFOPLIST_FILE = YES;
				INFOPLIST_KEY_NSHumanReadableCopyright = "";
				LD_RUNPATH_SEARCH_PATHS = (
					"$(inherited)",
					"@executable_path/../Frameworks",
				);
				MACOSX_DEPLOYMENT_TARGET = 12.3;
				MARKETING_VERSION = 1.0;
				PRODUCT_BUNDLE_IDENTIFIER = "kr.hometown.hometown-ios";
				PRODUCT_NAME = hometown_ios;
				SDKROOT = macosx;
				SWIFT_EMIT_LOC_STRINGS = YES;
				SWIFT_VERSION = 5.0;
			};
			name = Debug;
		};
		5AC4EFBB28AE207B003745C1 /* Release */ = {
			isa = XCBuildConfiguration;
			buildSettings = {
				ASSETCATALOG_COMPILER_APPICON_NAME = AppIcon;
				ASSETCATALOG_COMPILER_GLOBAL_ACCENT_COLOR_NAME = AccentColor;
				CODE_SIGN_ENTITLEMENTS = macOS/macOS.entitlements;
				CODE_SIGN_STYLE = Automatic;
				COMBINE_HIDPI_IMAGES = YES;
				CURRENT_PROJECT_VERSION = 1;
				ENABLE_PREVIEWS = YES;
				GENERATE_INFOPLIST_FILE = YES;
				INFOPLIST_KEY_NSHumanReadableCopyright = "";
				LD_RUNPATH_SEARCH_PATHS = (
					"$(inherited)",
					"@executable_path/../Frameworks",
				);
				MACOSX_DEPLOYMENT_TARGET = 12.3;
				MARKETING_VERSION = 1.0;
				PRODUCT_BUNDLE_IDENTIFIER = "kr.hometown.hometown-ios";
				PRODUCT_NAME = hometown_ios;
				SDKROOT = macosx;
				SWIFT_EMIT_LOC_STRINGS = YES;
				SWIFT_VERSION = 5.0;
			};
			name = Release;
		};
		5AC4EFBD28AE207B003745C1 /* Debug */ = {
			isa = XCBuildConfiguration;
			buildSettings = {
				ALWAYS_EMBED_SWIFT_STANDARD_LIBRARIES = YES;
				CODE_SIGN_STYLE = Automatic;
				CURRENT_PROJECT_VERSION = 1;
				GENERATE_INFOPLIST_FILE = YES;
				IPHONEOS_DEPLOYMENT_TARGET = 15.5;
				MARKETING_VERSION = 1.0;
				PRODUCT_BUNDLE_IDENTIFIER = "kr.hometown.Tests-iOS";
				PRODUCT_NAME = "$(TARGET_NAME)";
				SDKROOT = iphoneos;
				SWIFT_EMIT_LOC_STRINGS = NO;
				SWIFT_VERSION = 5.0;
				TARGETED_DEVICE_FAMILY = "1,2";
				TEST_TARGET_NAME = "hometown_ios (iOS)";
			};
			name = Debug;
		};
		5AC4EFBE28AE207B003745C1 /* Release */ = {
			isa = XCBuildConfiguration;
			buildSettings = {
				ALWAYS_EMBED_SWIFT_STANDARD_LIBRARIES = YES;
				CODE_SIGN_STYLE = Automatic;
				CURRENT_PROJECT_VERSION = 1;
				GENERATE_INFOPLIST_FILE = YES;
				IPHONEOS_DEPLOYMENT_TARGET = 15.5;
				MARKETING_VERSION = 1.0;
				PRODUCT_BUNDLE_IDENTIFIER = "kr.hometown.Tests-iOS";
				PRODUCT_NAME = "$(TARGET_NAME)";
				SDKROOT = iphoneos;
				SWIFT_EMIT_LOC_STRINGS = NO;
				SWIFT_VERSION = 5.0;
				TARGETED_DEVICE_FAMILY = "1,2";
				TEST_TARGET_NAME = "hometown_ios (iOS)";
				VALIDATE_PRODUCT = YES;
			};
			name = Release;
		};
		5AC4EFC028AE207B003745C1 /* Debug */ = {
			isa = XCBuildConfiguration;
			buildSettings = {
				ALWAYS_EMBED_SWIFT_STANDARD_LIBRARIES = YES;
				CODE_SIGN_STYLE = Automatic;
				CURRENT_PROJECT_VERSION = 1;
				GENERATE_INFOPLIST_FILE = YES;
				MACOSX_DEPLOYMENT_TARGET = 12.3;
				MARKETING_VERSION = 1.0;
				PRODUCT_BUNDLE_IDENTIFIER = "kr.hometown.Tests-macOS";
				PRODUCT_NAME = "$(TARGET_NAME)";
				SDKROOT = macosx;
				SWIFT_EMIT_LOC_STRINGS = NO;
				SWIFT_VERSION = 5.0;
				TEST_TARGET_NAME = "hometown_ios (macOS)";
			};
			name = Debug;
		};
		5AC4EFC128AE207B003745C1 /* Release */ = {
			isa = XCBuildConfiguration;
			buildSettings = {
				ALWAYS_EMBED_SWIFT_STANDARD_LIBRARIES = YES;
				CODE_SIGN_STYLE = Automatic;
				CURRENT_PROJECT_VERSION = 1;
				GENERATE_INFOPLIST_FILE = YES;
				MACOSX_DEPLOYMENT_TARGET = 12.3;
				MARKETING_VERSION = 1.0;
				PRODUCT_BUNDLE_IDENTIFIER = "kr.hometown.Tests-macOS";
				PRODUCT_NAME = "$(TARGET_NAME)";
				SDKROOT = macosx;
				SWIFT_EMIT_LOC_STRINGS = NO;
				SWIFT_VERSION = 5.0;
				TEST_TARGET_NAME = "hometown_ios (macOS)";
			};
			name = Release;
		};
/* End XCBuildConfiguration section */

/* Begin XCConfigurationList section */
		5AC4EF8428AE2076003745C1 /* Build configuration list for PBXProject "hometown_ios" */ = {
			isa = XCConfigurationList;
			buildConfigurations = (
				5AC4EFB428AE207B003745C1 /* Debug */,
				5AC4EFB528AE207B003745C1 /* Release */,
			);
			defaultConfigurationIsVisible = 0;
			defaultConfigurationName = Release;
		};
		5AC4EFB628AE207B003745C1 /* Build configuration list for PBXNativeTarget "hometown_ios (iOS)" */ = {
			isa = XCConfigurationList;
			buildConfigurations = (
				5AC4EFB728AE207B003745C1 /* Debug */,
				5AC4EFB828AE207B003745C1 /* Release */,
			);
			defaultConfigurationIsVisible = 0;
			defaultConfigurationName = Release;
		};
		5AC4EFB928AE207B003745C1 /* Build configuration list for PBXNativeTarget "hometown_ios (macOS)" */ = {
			isa = XCConfigurationList;
			buildConfigurations = (
				5AC4EFBA28AE207B003745C1 /* Debug */,
				5AC4EFBB28AE207B003745C1 /* Release */,
			);
			defaultConfigurationIsVisible = 0;
			defaultConfigurationName = Release;
		};
		5AC4EFBC28AE207B003745C1 /* Build configuration list for PBXNativeTarget "Tests iOS" */ = {
			isa = XCConfigurationList;
			buildConfigurations = (
				5AC4EFBD28AE207B003745C1 /* Debug */,
				5AC4EFBE28AE207B003745C1 /* Release */,
			);
			defaultConfigurationIsVisible = 0;
			defaultConfigurationName = Release;
		};
		5AC4EFBF28AE207B003745C1 /* Build configuration list for PBXNativeTarget "Tests macOS" */ = {
			isa = XCConfigurationList;
			buildConfigurations = (
				5AC4EFC028AE207B003745C1 /* Debug */,
				5AC4EFC128AE207B003745C1 /* Release */,
			);
			defaultConfigurationIsVisible = 0;
			defaultConfigurationName = Release;
		};
/* End XCConfigurationList section */
	};
	rootObject = 5AC4EF8128AE2076003745C1 /* Project object */;
}
